
Microsoft Visual Studio Solution File, Format Version 12.00
# Visual Studio Version 17
VisualStudioVersion = 17.7.34031.279
MinimumVisualStudioVersion = 10.0.40219.1
Project("{FAE04EC0-301F-11D3-BF4B-00C04F79EFBC}") = "Generics1", "Generics1\Generics1.csproj", "{ECA1FE92-FC76-4B63-99FB-3A25A9CFF3B8}"
EndProject
Global
	GlobalSection(SolutionConfigurationPlatforms) = preSolution
		Debug|Any CPU = Debug|Any CPU
		Release|Any CPU = Release|Any CPU
	EndGlobalSection
	GlobalSection(ProjectConfigurationPlatforms) = postSolution
		{ECA1FE92-FC76-4B63-99FB-3A25A9CFF3B8}.Debug|Any CPU.ActiveCfg = Debug|Any CPU
		{ECA1FE92-FC76-4B63-99FB-3A25A9CFF3B8}.Debug|Any CPU.Build.0 = Debug|Any CPU
		{ECA1FE92-FC76-4B63-99FB-3A25A9CFF3B8}.Release|Any CPU.ActiveCfg = Release|Any CPU
		{ECA1FE92-FC76-4B63-99FB-3A25A9CFF3B8}.Release|Any CPU.Build.0 = Release|Any CPU
	EndGlobalSection
	GlobalSection(SolutionProperties) = preSolution
		HideSolutionNode = FALSE
	EndGlobalSection
	GlobalSection(ExtensibilityGlobals) = postSolution
		SolutionGuid = {E0C07C8B-9A3B-4503-938D-BD3574F7BD48}
	EndGlobalSection
EndGlobal
